
Microsoft Visual Studio Solution File, Format Version 12.00
# Visual Studio Version 16
VisualStudioVersion = 16.0.31911.196
MinimumVisualStudioVersion = 10.0.40219.1
Project("{9A19103F-16F7-4668-BE54-9A1E7A4F7556}") = "PersonalTodoList", "PersonalTodoList\PersonalTodoList.csproj", "{DE6D067D-E008-44E6-B78F-5A3139DFB23F}"
EndProject
Global
	GlobalSection(SolutionConfigurationPlatforms) = preSolution
		Debug|Any CPU = Debug|Any CPU
		Release|Any CPU = Release|Any CPU
	EndGlobalSection
	GlobalSection(ProjectConfigurationPlatforms) = postSolution
		{DE6D067D-E008-44E6-B78F-5A3139DFB23F}.Debug|Any CPU.ActiveCfg = Debug|Any CPU
		{DE6D067D-E008-44E6-B78F-5A3139DFB23F}.Debug|Any CPU.Build.0 = Debug|Any CPU
		{DE6D067D-E008-44E6-B78F-5A3139DFB23F}.Release|Any CPU.ActiveCfg = Release|Any CPU
		{DE6D067D-E008-44E6-B78F-5A3139DFB23F}.Release|Any CPU.Build.0 = Release|Any CPU
	EndGlobalSection
	GlobalSection(SolutionProperties) = preSolution
		HideSolutionNode = FALSE
	EndGlobalSection
	GlobalSection(ExtensibilityGlobals) = postSolution
		SolutionGuid = {AA9F2FFE-ACBF-439A-A5CF-F34DE8C69C34}
	EndGlobalSection
EndGlobal
